// !$*UTF8*$!
{
	archiveVersion = 1;
	classes = {
	};
	objectVersion = 50;
	objects = {

/* Begin PBXBuildFile section */
		196B5C44225602F7008AF095 /* songs in Resources */ = {isa = PBXBuildFile; fileRef = 196B5C43225602F7008AF095 /* songs */; };
		196B5C4722560EB0008AF095 /* pause.png in Resources */ = {isa = PBXBuildFile; fileRef = 196B5C4522560EB0008AF095 /* pause.png */; };
		196B5C4822560EB0008AF095 /* play.png in Resources */ = {isa = PBXBuildFile; fileRef = 196B5C4622560EB0008AF095 /* play.png */; };
		19D1AADA2255C76E00E3314A /* AppDelegate.swift in Sources */ = {isa = PBXBuildFile; fileRef = 19D1AAD92255C76E00E3314A /* AppDelegate.swift */; };
		19D1AADC2255C76E00E3314A /* ViewController.swift in Sources */ = {isa = PBXBuildFile; fileRef = 19D1AADB2255C76E00E3314A /* ViewController.swift */; };
		19D1AADF2255C76E00E3314A /* Main.storyboard in Resources */ = {isa = PBXBuildFile; fileRef = 19D1AADD2255C76E00E3314A /* Main.storyboard */; };
		19D1AAE12255C77100E3314A /* Assets.xcassets in Resources */ = {isa = PBXBuildFile; fileRef = 19D1AAE02255C77100E3314A /* Assets.xcassets */; };
		19D1AAE42255C77100E3314A /* LaunchScreen.storyboard in Resources */ = {isa = PBXBuildFile; fileRef = 19D1AAE22255C77100E3314A /* LaunchScreen.storyboard */; };
		19D1AAEC2255C80700E3314A /* songsDB.json in Resources */ = {isa = PBXBuildFile; fileRef = 19D1AAEB2255C80700E3314A /* songsDB.json */; };
		19D1AAF12255D53D00E3314A /* songsCVC.swift in Sources */ = {isa = PBXBuildFile; fileRef = 19D1AAEF2255D53D00E3314A /* songsCVC.swift */; };
		19D1AAF22255D53D00E3314A /* songsCVC.xib in Resources */ = {isa = PBXBuildFile; fileRef = 19D1AAF02255D53D00E3314A /* songsCVC.xib */; };
/* End PBXBuildFile section */

/* Begin PBXFileReference section */
		196B5C43225602F7008AF095 /* songs */ = {isa = PBXFileReference; lastKnownFileType = folder; path = songs; sourceTree = "<group>"; };
		196B5C4522560EB0008AF095 /* pause.png */ = {isa = PBXFileReference; lastKnownFileType = image.png; path = pause.png; sourceTree = "<group>"; };
		196B5C4622560EB0008AF095 /* play.png */ = {isa = PBXFileReference; lastKnownFileType = image.png; path = play.png; sourceTree = "<group>"; };
		19D1AAD62255C76E00E3314A /* imusic.app */ = {isa = PBXFileReference; explicitFileType = wrapper.application; includeInIndex = 0; path = imusic.app; sourceTree = BUILT_PRODUCTS_DIR; };
		19D1AAD92255C76E00E3314A /* AppDelegate.swift */ = {isa = PBXFileReference; lastKnownFileType = sourcecode.swift; path = AppDelegate.swift; sourceTree = "<group>"; };
		19D1AADB2255C76E00E3314A /* ViewController.swift */ = {isa = PBXFileReference; lastKnownFileType = sourcecode.swift; path = ViewController.swift; sourceTree = "<group>"; };
		19D1AADE2255C76E00E3314A /* Base */ = {isa = PBXFileReference; lastKnownFileType = file.storyboard; name = Base; path = Base.lproj/Main.storyboard; sourceTree = "<group>"; };
		19D1AAE02255C77100E3314A /* Assets.xcassets */ = {isa = PBXFileReference; lastKnownFileType = folder.assetcatalog; path = Assets.xcassets; sourceTree = "<group>"; };
		19D1AAE32255C77100E3314A /* Base */ = {isa = PBXFileReference; lastKnownFileType = file.storyboard; name = Base; path = Base.lproj/LaunchScreen.storyboard; sourceTree = "<group>"; };
		19D1AAE52255C77100E3314A /* Info.plist */ = {isa = PBXFileReference; lastKnownFileType = text.plist.xml; path = Info.plist; sourceTree = "<group>"; };
		19D1AAEB2255C80700E3314A /* songsDB.json */ = {isa = PBXFileReference; fileEncoding = 4; lastKnownFileType = text.json; path = songsDB.json; sourceTree = "<group>"; };
		19D1AAEF2255D53D00E3314A /* songsCVC.swift */ = {isa = PBXFileReference; lastKnownFileType = sourcecode.swift; name = songsCVC.swift; path = ../songsCVC.swift; sourceTree = "<group>"; };
		19D1AAF02255D53D00E3314A /* songsCVC.xib */ = {isa = PBXFileReference; lastKnownFileType = file.xib; path = songsCVC.xib; sourceTree = "<group>"; };
/* End PBXFileReference section */

/* Begin PBXFrameworksBuildPhase section */
		19D1AAD32255C76E00E3314A /* Frameworks */ = {
			isa = PBXFrameworksBuildPhase;
			buildActionMask = 2147483647;
			files = (
			);
			runOnlyForDeploymentPostprocessing = 0;
		};
/* End PBXFrameworksBuildPhase section */

/* Begin PBXGroup section */
		19D1AACD2255C76E00E3314A = {
			isa = PBXGroup;
			children = (
				19D1AAD82255C76E00E3314A /* imusic */,
				19D1AAD72255C76E00E3314A /* Products */,
			);
			sourceTree = "<group>";
		};
		19D1AAD72255C76E00E3314A /* Products */ = {
			isa = PBXGroup;
			children = (
				19D1AAD62255C76E00E3314A /* imusic.app */,
			);
			name = Products;
			sourceTree = "<group>";
		};
		19D1AAD82255C76E00E3314A /* imusic */ = {
			isa = PBXGroup;
			children = (
				196B5C43225602F7008AF095 /* songs */,
				19D1AAD92255C76E00E3314A /* AppDelegate.swift */,
				19D1AAF02255D53D00E3314A /* songsCVC.xib */,
				19D1AAEB2255C80700E3314A /* songsDB.json */,
				19D1AAEF2255D53D00E3314A /* songsCVC.swift */,
				19D1AADB2255C76E00E3314A /* ViewController.swift */,
				19D1AADD2255C76E00E3314A /* Main.storyboard */,
				19D1AAE02255C77100E3314A /* Assets.xcassets */,
				196B5C4522560EB0008AF095 /* pause.png */,
				196B5C4622560EB0008AF095 /* play.png */,
				19D1AAE22255C77100E3314A /* LaunchScreen.storyboard */,
				19D1AAE52255C77100E3314A /* Info.plist */,
			);
			path = imusic;
			sourceTree = "<group>";
		};
/* End PBXGroup section */

/* Begin PBXNativeTarget section */
		19D1AAD52255C76E00E3314A /* imusic */ = {
			isa = PBXNativeTarget;
			buildConfigurationList = 19D1AAE82255C77100E3314A /* Build configuration list for PBXNativeTarget "imusic" */;
			buildPhases = (
				19D1AAD22255C76E00E3314A /* Sources */,
				19D1AAD32255C76E00E3314A /* Frameworks */,
				19D1AAD42255C76E00E3314A /* Resources */,
			);
			buildRules = (
			);
			dependencies = (
			);
			name = imusic;
			productName = imusic;
			productReference = 19D1AAD62255C76E00E3314A /* imusic.app */;
			productType = "com.apple.product-type.application";
		};
/* End PBXNativeTarget section */

/* Begin PBXProject section */
		19D1AACE2255C76E00E3314A /* Project object */ = {
			isa = PBXProject;
			attributes = {
				LastSwiftUpdateCheck = 1020;
				LastUpgradeCheck = 1020;
				ORGANIZATIONNAME = "Himanshu Churi";
				TargetAttributes = {
					19D1AAD52255C76E00E3314A = {
						CreatedOnToolsVersion = 10.2;
					};
				};
			};
			buildConfigurationList = 19D1AAD12255C76E00E3314A /* Build configuration list for PBXProject "imusic" */;
			compatibilityVersion = "Xcode 9.3";
			developmentRegion = en;
			hasScannedForEncodings = 0;
			knownRegions = (
				en,
				Base,
			);
			mainGroup = 19D1AACD2255C76E00E3314A;
			productRefGroup = 19D1AAD72255C76E00E3314A /* Products */;
			projectDirPath = "";
			projectRoot = "";
			targets = (
				19D1AAD52255C76E00E3314A /* imusic */,
			);
		};
/* End PBXProject section */

/* Begin PBXResourcesBuildPhase section */
		19D1AAD42255C76E00E3314A /* Resources */ = {
			isa = PBXResourcesBuildPhase;
			buildActionMask = 2147483647;
			files = (
				19D1AAF22255D53D00E3314A /* songsCVC.xib in Resources */,
				196B5C4822560EB0008AF095 /* play.png in Resources */,
				19D1AAEC2255C80700E3314A /* songsDB.json in Resources */,
				19D1AAE42255C77100E3314A /* LaunchScreen.storyboard in Resources */,
				196B5C4722560EB0008AF095 /* pause.png in Resources */,
				196B5C44225602F7008AF095 /* songs in Resources */,
				19D1AAE12255C77100E3314A /* Assets.xcassets in Resources */,
				19D1AADF2255C76E00E3314A /* Main.storyboard in Resources */,
			);
			runOnlyForDeploymentPostprocessing = 0;
		};
/* End PBXResourcesBuildPhase section */

/* Begin PBXSourcesBuildPhase section */
		19D1AAD22255C76E00E3314A /* Sources */ = {
			isa = PBXSourcesBuildPhase;
			buildActionMask = 2147483647;
			files = (
				19D1AADC2255C76E00E3314A /* ViewController.swift in Sources */,
				19D1AAF12255D53D00E3314A /* songsCVC.swift in Sources */,
				19D1AADA2255C76E00E3314A /* AppDelegate.swift in Sources */,
			);
			runOnlyForDeploymentPostprocessing = 0;
		};
/* End PBXSourcesBuildPhase section */

/* Begin PBXVariantGroup section */
		19D1AADD2255C76E00E3314A /* Main.storyboard */ = {
			isa = PBXVariantGroup;
			children = (
				19D1AADE2255C76E00E3314A /* Base */,
			);
			name = Main.storyboard;
			sourceTree = "<group>";
		};
		19D1AAE22255C77100E3314A /* LaunchScreen.storyboard */ = {
			isa = PBXVariantGroup;
			children = (
				19D1AAE32255C77100E3314A /* Base */,
			);
			name = LaunchScreen.storyboard;
			sourceTree = "<group>";
		};
/* End PBXVariantGroup section */

/* Begin XCBuildConfiguration section */
		19D1AAE62255C77100E3314A /* Debug */ = {
			isa = XCBuildConfiguration;
			buildSettings = {
				ALWAYS_SEARCH_USER_PATHS = NO;
				CLANG_ANALYZER_NONNULL = YES;
				CLANG_ANALYZER_NUMBER_OBJECT_CONVERSION = YES_AGGRESSIVE;
				CLANG_CXX_LANGUAGE_STANDARD = "gnu++14";
				CLANG_CXX_LIBRARY = "libc++";
				CLANG_ENABLE_MODULES = YES;
				CLANG_ENABLE_OBJC_ARC = YES;
				CLANG_ENABLE_OBJC_WEAK = YES;
				CLANG_WARN_BLOCK_CAPTURE_AUTORELEASING = YES;
				CLANG_WARN_BOOL_CONVERSION = YES;
				CLANG_WARN_COMMA = YES;
				CLANG_WARN_CONSTANT_CONVERSION = YES;
				CLANG_WARN_DEPRECATED_OBJC_IMPLEMENTATIONS = YES;
				CLANG_WARN_DIRECT_OBJC_ISA_USAGE = YES_ERROR;
				CLANG_WARN_DOCUMENTATION_COMMENTS = YES;
				CLANG_WARN_EMPTY_BODY = YES;
				CLANG_WARN_ENUM_CONVERSION = YES;
				CLANG_WARN_INFINITE_RECURSION = YES;
				CLANG_WARN_INT_CONVERSION = YES;
				CLANG_WARN_NON_LITERAL_NULL_CONVERSION = YES;
				CLANG_WARN_OBJC_IMPLICIT_RETAIN_SELF = YES;
				CLANG_WARN_OBJC_LITERAL_CONVERSION = YES;
				CLANG_WARN_OBJC_ROOT_CLASS = YES_ERROR;
				CLANG_WARN_RANGE_LOOP_ANALYSIS = YES;
				CLANG_WARN_STRICT_PROTOTYPES = YES;
				CLANG_WARN_SUSPICIOUS_MOVE = YES;
				CLANG_WARN_UNGUARDED_AVAILABILITY = YES_AGGRESSIVE;
				CLANG_WARN_UNREACHABLE_CODE = YES;
				CLANG_WARN__DUPLICATE_METHOD_MATCH = YES;
				CODE_SIGN_IDENTITY = "iPhone Developer";
				COPY_PHASE_STRIP = NO;
				DEBUG_INFORMATION_FORMAT = dwarf;
				ENABLE_STRICT_OBJC_MSGSEND = YES;
				ENABLE_TESTABILITY = YES;
				GCC_C_LANGUAGE_STANDARD = gnu11;
				GCC_DYNAMIC_NO_PIC = NO;
				GCC_NO_COMMON_BLOCKS = YES;
				GCC_OPTIMIZATION_LEVEL = 0;
				GCC_PREPROCESSOR_DEFINITIONS = (
					"DEBUG=1",
					"$(inherited)",
				);
				GCC_WARN_64_TO_32_BIT_CONVERSION = YES;
				GCC_WARN_ABOUT_RETURN_TYPE = YES_ERROR;
				GCC_WARN_UNDECLARED_SELECTOR = YES;
				GCC_WARN_UNINITIALIZED_AUTOS = YES_AGGRESSIVE;
				GCC_WARN_UNUSED_FUNCTION = YES;
				GCC_WARN_UNUSED_VARIABLE = YES;
				IPHONEOS_DEPLOYMENT_TARGET = 12.2;
				MTL_ENABLE_DEBUG_INFO = INCLUDE_SOURCE;
				MTL_FAST_MATH = YES;
				ONLY_ACTIVE_ARCH = YES;
				SDKROOT = iphoneos;
				SWIFT_ACTIVE_COMPILATION_CONDITIONS = DEBUG;
				SWIFT_OPTIMIZATION_LEVEL = "-Onone";
			};
			name = Debug;
		};
		19D1AAE72255C77100E3314A /* Release */ = {
			isa = XCBuildConfiguration;
			buildSettings = {
				ALWAYS_SEARCH_USER_PATHS = NO;
				CLANG_ANALYZER_NONNULL = YES;
				CLANG_ANALYZER_NUMBER_OBJECT_CONVERSION = YES_AGGRESSIVE;
				CLANG_CXX_LANGUAGE_STANDARD = "gnu++14";
				CLANG_CXX_LIBRARY = "libc++";
				CLANG_ENABLE_MODULES = YES;
				CLANG_ENABLE_OBJC_ARC = YES;
				CLANG_ENABLE_OBJC_WEAK = YES;
				CLANG_WARN_BLOCK_CAPTURE_AUTORELEASING = YES;
				CLANG_WARN_BOOL_CONVERSION = YES;
				CLANG_WARN_COMMA = YES;
				CLANG_WARN_CONSTANT_CONVERSION = YES;
				CLANG_WARN_DEPRECATED_OBJC_IMPLEMENTATIONS = YES;
				CLANG_WARN_DIRECT_OBJC_ISA_USAGE = YES_ERROR;
				CLANG_WARN_DOCUMENTATION_COMMENTS = YES;
				CLANG_WARN_EMPTY_BODY = YES;
				CLANG_WARN_ENUM_CONVERSION = YES;
				CLANG_WARN_INFINITE_RECURSION = YES;
				CLANG_WARN_INT_CONVERSION = YES;
				CLANG_WARN_NON_LITERAL_NULL_CONVERSION = YES;
				CLANG_WARN_OBJC_IMPLICIT_RETAIN_SELF = YES;
				CLANG_WARN_OBJC_LITERAL_CONVERSION = YES;
				CLANG_WARN_OBJC_ROOT_CLASS = YES_ERROR;
				CLANG_WARN_RANGE_LOOP_ANALYSIS = YES;
				CLANG_WARN_STRICT_PROTOTYPES = YES;
				CLANG_WARN_SUSPICIOUS_MOVE = YES;
				CLANG_WARN_UNGUARDED_AVAILABILITY = YES_AGGRESSIVE;
				CLANG_WARN_UNREACHABLE_CODE = YES;
				CLANG_WARN__DUPLICATE_METHOD_MATCH = YES;
				CODE_SIGN_IDENTITY = "iPhone Developer";
				COPY_PHASE_STRIP = NO;
				DEBUG_INFORMATION_FORMAT = "dwarf-with-dsym";
				ENABLE_NS_ASSERTIONS = NO;
				ENABLE_STRICT_OBJC_MSGSEND = YES;
				GCC_C_LANGUAGE_STANDARD = gnu11;
				GCC_NO_COMMON_BLOCKS = YES;
				GCC_WARN_64_TO_32_BIT_CONVERSION = YES;
				GCC_WARN_ABOUT_RETURN_TYPE = YES_ERROR;
				GCC_WARN_UNDECLARED_SELECTOR = YES;
				GCC_WARN_UNINITIALIZED_AUTOS = YES_AGGRESSIVE;
				GCC_WARN_UNUSED_FUNCTION = YES;
				GCC_WARN_UNUSED_VARIABLE = YES;
				IPHONEOS_DEPLOYMENT_TARGET = 12.2;
				MTL_ENABLE_DEBUG_INFO = NO;
				MTL_FAST_MATH = YES;
				SDKROOT = iphoneos;
				SWIFT_COMPILATION_MODE = wholemodule;
				SWIFT_OPTIMIZATION_LEVEL = "-O";
				VALIDATE_PRODUCT = YES;
			};
			name = Release;
		};
		19D1AAE92255C77100E3314A /* Debug */ = {
			isa = XCBuildConfiguration;
			buildSettings = {
				ASSETCATALOG_COMPILER_APPICON_NAME = AppIcon;
				CODE_SIGN_STYLE = Automatic;
				INFOPLIST_FILE = imusic/Info.plist;
				LD_RUNPATH_SEARCH_PATHS = (
					"$(inherited)",
					"@executable_path/Frameworks",
				);
				PRODUCT_BUNDLE_IDENTIFIER = com.himanshu.imusic;
				PRODUCT_NAME = "$(TARGET_NAME)";
				SWIFT_VERSION = 5.0;
				TARGETED_DEVICE_FAMILY = "1,2";
			};
			name = Debug;
		};
		19D1AAEA2255C77100E3314A /* Release */ = {
			isa = XCBuildConfiguration;
			buildSettings = {
				ASSETCATALOG_COMPILER_APPICON_NAME = AppIcon;
				CODE_SIGN_STYLE = Automatic;
				INFOPLIST_FILE = imusic/Info.plist;
				LD_RUNPATH_SEARCH_PATHS = (
					"$(inherited)",
					"@executable_path/Frameworks",
				);
				PRODUCT_BUNDLE_IDENTIFIER = com.himanshu.imusic;
				PRODUCT_NAME = "$(TARGET_NAME)";
				SWIFT_VERSION = 5.0;
				TARGETED_DEVICE_FAMILY = "1,2";
			};
			name = Release;
		};
/* End XCBuildConfiguration section */

/* Begin XCConfigurationList section */
		19D1AAD12255C76E00E3314A /* Build configuration list for PBXProject "imusic" */ = {
			isa = XCConfigurationList;
			buildConfigurations = (
				19D1AAE62255C77100E3314A /* Debug */,
				19D1AAE72255C77100E3314A /* Release */,
			);
			defaultConfigurationIsVisible = 0;
			defaultConfigurationName = Release;
		};
		19D1AAE82255C77100E3314A /* Build configuration list for PBXNativeTarget "imusic" */ = {
			isa = XCConfigurationList;
			buildConfigurations = (
				19D1AAE92255C77100E3314A /* Debug */,
				19D1AAEA2255C77100E3314A /* Release */,
			);
			defaultConfigurationIsVisible = 0;
			defaultConfigurationName = Release;
		};
/* End XCConfigurationList section */
	};
	rootObject = 19D1AACE2255C76E00E3314A /* Project object */;
}
